
Microsoft Visual Studio Solution File, Format Version 12.00
# Visual Studio Version 16
VisualStudioVersion = 16.0.31624.102
MinimumVisualStudioVersion = 10.0.40219.1
Project("{FAE04EC0-301F-11D3-BF4B-00C04F79EFBC}") = "hedit", "hedit\hedit.csproj", "{F4438F79-CF71-4336-886E-636EC942DCDB}"
EndProject
Project("{8BC9CEB8-8B4A-11D0-8D11-00A0C91BC942}") = "heditcontrol", "heditcontrol\heditcontrol.vcxproj", "{7D848C76-57B4-430A-82FA-08F1BB315EB7}"
EndProject
Project("{8BC9CEB8-8B4A-11D0-8D11-00A0C91BC942}") = "heditexp", "heditexp\heditexp.vcxproj", "{907F61E4-71EC-40F7-BDBA-42FE83F49AAE}"
EndProject
Global
	GlobalSection(SolutionConfigurationPlatforms) = preSolution
		Debug|ARM = Debug|ARM
		Debug|ARM64 = Debug|ARM64
		Debug|x64 = Debug|x64
		Debug|x86 = Debug|x86
		Release|ARM = Release|ARM
		Release|ARM64 = Release|ARM64
		Release|x64 = Release|x64
		Release|x86 = Release|x86
	EndGlobalSection
	GlobalSection(ProjectConfigurationPlatforms) = postSolution
		{F4438F79-CF71-4336-886E-636EC942DCDB}.Debug|ARM.ActiveCfg = Debug|ARM
		{F4438F79-CF71-4336-886E-636EC942DCDB}.Debug|ARM.Build.0 = Debug|ARM
		{F4438F79-CF71-4336-886E-636EC942DCDB}.Debug|ARM.Deploy.0 = Debug|ARM
		{F4438F79-CF71-4336-886E-636EC942DCDB}.Debug|ARM64.ActiveCfg = Debug|ARM64
		{F4438F79-CF71-4336-886E-636EC942DCDB}.Debug|ARM64.Build.0 = Debug|ARM64
		{F4438F79-CF71-4336-886E-636EC942DCDB}.Debug|ARM64.Deploy.0 = Debug|ARM64
		{F4438F79-CF71-4336-886E-636EC942DCDB}.Debug|x64.ActiveCfg = Debug|x64
		{F4438F79-CF71-4336-886E-636EC942DCDB}.Debug|x64.Build.0 = Debug|x64
		{F4438F79-CF71-4336-886E-636EC942DCDB}.Debug|x64.Deploy.0 = Debug|x64
		{F4438F79-CF71-4336-886E-636EC942DCDB}.Debug|x86.ActiveCfg = Debug|x86
		{F4438F79-CF71-4336-886E-636EC942DCDB}.Debug|x86.Build.0 = Debug|x86
		{F4438F79-CF71-4336-886E-636EC942DCDB}.Debug|x86.Deploy.0 = Debug|x86
		{F4438F79-CF71-4336-886E-636EC942DCDB}.Release|ARM.ActiveCfg = Release|ARM
		{F4438F79-CF71-4336-886E-636EC942DCDB}.Release|ARM.Build.0 = Release|ARM
		{F4438F79-CF71-4336-886E-636EC942DCDB}.Release|ARM.Deploy.0 = Release|ARM
		{F4438F79-CF71-4336-886E-636EC942DCDB}.Release|ARM64.ActiveCfg = Release|ARM64
		{F4438F79-CF71-4336-886E-636EC942DCDB}.Release|ARM64.Build.0 = Release|ARM64
		{F4438F79-CF71-4336-886E-636EC942DCDB}.Release|ARM64.Deploy.0 = Release|ARM64
		{F4438F79-CF71-4336-886E-636EC942DCDB}.Release|x64.ActiveCfg = Release|x64
		{F4438F79-CF71-4336-886E-636EC942DCDB}.Release|x64.Build.0 = Release|x64
		{F4438F79-CF71-4336-886E-636EC942DCDB}.Release|x64.Deploy.0 = Release|x64
		{F4438F79-CF71-4336-886E-636EC942DCDB}.Release|x86.ActiveCfg = Release|x86
		{F4438F79-CF71-4336-886E-636EC942DCDB}.Release|x86.Build.0 = Release|x86
		{F4438F79-CF71-4336-886E-636EC942DCDB}.Release|x86.Deploy.0 = Release|x86
		{7D848C76-57B4-430A-82FA-08F1BB315EB7}.Debug|ARM.ActiveCfg = Debug|ARM
		{7D848C76-57B4-430A-82FA-08F1BB315EB7}.Debug|ARM.Build.0 = Debug|ARM
		{7D848C76-57B4-430A-82FA-08F1BB315EB7}.Debug|ARM64.ActiveCfg = Debug|ARM64
		{7D848C76-57B4-430A-82FA-08F1BB315EB7}.Debug|ARM64.Build.0 = Debug|ARM64
		{7D848C76-57B4-430A-82FA-08F1BB315EB7}.Debug|x64.ActiveCfg = Debug|x64
		{7D848C76-57B4-430A-82FA-08F1BB315EB7}.Debug|x64.Build.0 = Debug|x64
		{7D848C76-57B4-430A-82FA-08F1BB315EB7}.Debug|x86.ActiveCfg = Debug|Win32
		{7D848C76-57B4-430A-82FA-08F1BB315EB7}.Debug|x86.Build.0 = Debug|Win32
		{7D848C76-57B4-430A-82FA-08F1BB315EB7}.Release|ARM.ActiveCfg = Release|ARM
		{7D848C76-57B4-430A-82FA-08F1BB315EB7}.Release|ARM.Build.0 = Release|ARM
		{7D848C76-57B4-430A-82FA-08F1BB315EB7}.Release|ARM64.ActiveCfg = Release|ARM64
		{7D848C76-57B4-430A-82FA-08F1BB315EB7}.Release|ARM64.Build.0 = Release|ARM64
		{7D848C76-57B4-430A-82FA-08F1BB315EB7}.Release|x64.ActiveCfg = Release|x64
		{7D848C76-57B4-430A-82FA-08F1BB315EB7}.Release|x64.Build.0 = Release|x64
		{7D848C76-57B4-430A-82FA-08F1BB315EB7}.Release|x86.ActiveCfg = Release|Win32
		{7D848C76-57B4-430A-82FA-08F1BB315EB7}.Release|x86.Build.0 = Release|Win32
		{907F61E4-71EC-40F7-BDBA-42FE83F49AAE}.Debug|ARM.ActiveCfg = Debug|ARM
		{907F61E4-71EC-40F7-BDBA-42FE83F49AAE}.Debug|ARM.Build.0 = Debug|ARM
		{907F61E4-71EC-40F7-BDBA-42FE83F49AAE}.Debug|ARM.Deploy.0 = Debug|ARM
		{907F61E4-71EC-40F7-BDBA-42FE83F49AAE}.Debug|ARM64.ActiveCfg = Debug|ARM64
		{907F61E4-71EC-40F7-BDBA-42FE83F49AAE}.Debug|ARM64.Build.0 = Debug|ARM64
		{907F61E4-71EC-40F7-BDBA-42FE83F49AAE}.Debug|ARM64.Deploy.0 = Debug|ARM64
		{907F61E4-71EC-40F7-BDBA-42FE83F49AAE}.Debug|x64.ActiveCfg = Debug|x64
		{907F61E4-71EC-40F7-BDBA-42FE83F49AAE}.Debug|x64.Build.0 = Debug|x64
		{907F61E4-71EC-40F7-BDBA-42FE83F49AAE}.Debug|x64.Deploy.0 = Debug|x64
		{907F61E4-71EC-40F7-BDBA-42FE83F49AAE}.Debug|x86.ActiveCfg = Debug|Win32
		{907F61E4-71EC-40F7-BDBA-42FE83F49AAE}.Debug|x86.Build.0 = Debug|Win32
		{907F61E4-71EC-40F7-BDBA-42FE83F49AAE}.Debug|x86.Deploy.0 = Debug|Win32
		{907F61E4-71EC-40F7-BDBA-42FE83F49AAE}.Release|ARM.ActiveCfg = Release|ARM
		{907F61E4-71EC-40F7-BDBA-42FE83F49AAE}.Release|ARM.Build.0 = Release|ARM
		{907F61E4-71EC-40F7-BDBA-42FE83F49AAE}.Release|ARM.Deploy.0 = Release|ARM
		{907F61E4-71EC-40F7-BDBA-42FE83F49AAE}.Release|ARM64.ActiveCfg = Release|ARM64
		{907F61E4-71EC-40F7-BDBA-42FE83F49AAE}.Release|ARM64.Build.0 = Release|ARM64
		{907F61E4-71EC-40F7-BDBA-42FE83F49AAE}.Release|ARM64.Deploy.0 = Release|ARM64
		{907F61E4-71EC-40F7-BDBA-42FE83F49AAE}.Release|x64.ActiveCfg = Release|x64
		{907F61E4-71EC-40F7-BDBA-42FE83F49AAE}.Release|x64.Build.0 = Release|x64
		{907F61E4-71EC-40F7-BDBA-42FE83F49AAE}.Release|x64.Deploy.0 = Release|x64
		{907F61E4-71EC-40F7-BDBA-42FE83F49AAE}.Release|x86.ActiveCfg = Release|Win32
		{907F61E4-71EC-40F7-BDBA-42FE83F49AAE}.Release|x86.Build.0 = Release|Win32
		{907F61E4-71EC-40F7-BDBA-42FE83F49AAE}.Release|x86.Deploy.0 = Release|Win32
	EndGlobalSection
	GlobalSection(SolutionProperties) = preSolution
		HideSolutionNode = FALSE
	EndGlobalSection
	GlobalSection(ExtensibilityGlobals) = postSolution
		SolutionGuid = {18FFE11D-F510-480C-9CCB-0ABF3A933959}
	EndGlobalSection
EndGlobal
